
Microsoft Visual Studio Solution File, Format Version 12.00
# Visual Studio Version 16
VisualStudioVersion = 16.0.30503.244
MinimumVisualStudioVersion = 10.0.40219.1
Project("{FAE04EC0-301F-11D3-BF4B-00C04F79EFBC}") = "exp-one", "exp-one\exp-one.csproj", "{82732C7A-B4FD-403C-A8A0-A7DA521A746A}"
EndProject
Global
	GlobalSection(SolutionConfigurationPlatforms) = preSolution
		Debug|Any CPU = Debug|Any CPU
		Release|Any CPU = Release|Any CPU
	EndGlobalSection
	GlobalSection(ProjectConfigurationPlatforms) = postSolution
		{82732C7A-B4FD-403C-A8A0-A7DA521A746A}.Debug|Any CPU.ActiveCfg = Debug|Any CPU
		{82732C7A-B4FD-403C-A8A0-A7DA521A746A}.Debug|Any CPU.Build.0 = Debug|Any CPU
		{82732C7A-B4FD-403C-A8A0-A7DA521A746A}.Release|Any CPU.ActiveCfg = Release|Any CPU
		{82732C7A-B4FD-403C-A8A0-A7DA521A746A}.Release|Any CPU.Build.0 = Release|Any CPU
	EndGlobalSection
	GlobalSection(SolutionProperties) = preSolution
		HideSolutionNode = FALSE
	EndGlobalSection
	GlobalSection(ExtensibilityGlobals) = postSolution
		SolutionGuid = {41F84EA5-B0AF-426B-B78A-19C4C3FAE0C8}
	EndGlobalSection
EndGlobal
